
Microsoft Visual Studio Solution File, Format Version 12.00
Project("{FAE04EC0-301F-11D3-BF4B-00C04F79EFBC}") = "Core", "Core\Core.csproj", "{918D6201-2566-4D08-AB68-F46D005FFD67}"
EndProject
Project("{FAE04EC0-301F-11D3-BF4B-00C04F79EFBC}") = "Tests", "Tests\Tests.csproj", "{5FE1FFBB-79C1-48FA-B12D-78E29470A3E7}"
EndProject
Global
	GlobalSection(SolutionConfigurationPlatforms) = preSolution
		Debug|Any CPU = Debug|Any CPU
		Release|Any CPU = Release|Any CPU
	EndGlobalSection
	GlobalSection(ProjectConfigurationPlatforms) = postSolution
		{918D6201-2566-4D08-AB68-F46D005FFD67}.Debug|Any CPU.ActiveCfg = Debug|Any CPU
		{918D6201-2566-4D08-AB68-F46D005FFD67}.Debug|Any CPU.Build.0 = Debug|Any CPU
		{918D6201-2566-4D08-AB68-F46D005FFD67}.Release|Any CPU.ActiveCfg = Release|Any CPU
		{918D6201-2566-4D08-AB68-F46D005FFD67}.Release|Any CPU.Build.0 = Release|Any CPU
		{5FE1FFBB-79C1-48FA-B12D-78E29470A3E7}.Debug|Any CPU.ActiveCfg = Debug|Any CPU
		{5FE1FFBB-79C1-48FA-B12D-78E29470A3E7}.Debug|Any CPU.Build.0 = Debug|Any CPU
		{5FE1FFBB-79C1-48FA-B12D-78E29470A3E7}.Release|Any CPU.ActiveCfg = Release|Any CPU
		{5FE1FFBB-79C1-48FA-B12D-78E29470A3E7}.Release|Any CPU.Build.0 = Release|Any CPU
	EndGlobalSection
EndGlobal
